
Microsoft Visual Studio Solution File, Format Version 12.00
# Visual Studio Version 16
VisualStudioVersion = 16.0.29519.87
MinimumVisualStudioVersion = 10.0.40219.1
Project("{FAE04EC0-301F-11D3-BF4B-00C04F79EFBC}") = "XamarinWebServiceDemoApp.Android", "XamarinWebServiceDemoApp\XamarinWebServiceDemoApp.Android\XamarinWebServiceDemoApp.Android.csproj", "{263497D9-5E61-4EC3-9C47-3BE9E8387620}"
EndProject
Project("{FAE04EC0-301F-11D3-BF4B-00C04F79EFBC}") = "XamarinWebServiceDemoApp.iOS", "XamarinWebServiceDemoApp\XamarinWebServiceDemoApp.iOS\XamarinWebServiceDemoApp.iOS.csproj", "{1B016F67-A867-4EDB-A74E-29F921E4969C}"
EndProject
Project("{FAE04EC0-301F-11D3-BF4B-00C04F79EFBC}") = "XamarinWebServiceDemoApp", "XamarinWebServiceDemoApp\XamarinWebServiceDemoApp\XamarinWebServiceDemoApp.csproj", "{5AB0FF6E-B5C0-4ACB-BC7F-13D88B86753A}"
EndProject
Global
	GlobalSection(SolutionConfigurationPlatforms) = preSolution
		Debug|Any CPU = Debug|Any CPU
		Debug|iPhone = Debug|iPhone
		Debug|iPhoneSimulator = Debug|iPhoneSimulator
		Release|Any CPU = Release|Any CPU
		Release|iPhone = Release|iPhone
		Release|iPhoneSimulator = Release|iPhoneSimulator
	EndGlobalSection
	GlobalSection(ProjectConfigurationPlatforms) = postSolution
		{263497D9-5E61-4EC3-9C47-3BE9E8387620}.Debug|Any CPU.ActiveCfg = Debug|Any CPU
		{263497D9-5E61-4EC3-9C47-3BE9E8387620}.Debug|Any CPU.Build.0 = Debug|Any CPU
		{263497D9-5E61-4EC3-9C47-3BE9E8387620}.Debug|Any CPU.Deploy.0 = Debug|Any CPU
		{263497D9-5E61-4EC3-9C47-3BE9E8387620}.Debug|iPhone.ActiveCfg = Debug|Any CPU
		{263497D9-5E61-4EC3-9C47-3BE9E8387620}.Debug|iPhone.Build.0 = Debug|Any CPU
		{263497D9-5E61-4EC3-9C47-3BE9E8387620}.Debug|iPhone.Deploy.0 = Debug|Any CPU
		{263497D9-5E61-4EC3-9C47-3BE9E8387620}.Debug|iPhoneSimulator.ActiveCfg = Debug|Any CPU
		{263497D9-5E61-4EC3-9C47-3BE9E8387620}.Debug|iPhoneSimulator.Build.0 = Debug|Any CPU
		{263497D9-5E61-4EC3-9C47-3BE9E8387620}.Debug|iPhoneSimulator.Deploy.0 = Debug|Any CPU
		{263497D9-5E61-4EC3-9C47-3BE9E8387620}.Release|Any CPU.ActiveCfg = Release|Any CPU
		{263497D9-5E61-4EC3-9C47-3BE9E8387620}.Release|Any CPU.Build.0 = Release|Any CPU
		{263497D9-5E61-4EC3-9C47-3BE9E8387620}.Release|Any CPU.Deploy.0 = Release|Any CPU
		{263497D9-5E61-4EC3-9C47-3BE9E8387620}.Release|iPhone.ActiveCfg = Release|Any CPU
		{263497D9-5E61-4EC3-9C47-3BE9E8387620}.Release|iPhone.Build.0 = Release|Any CPU
		{263497D9-5E61-4EC3-9C47-3BE9E8387620}.Release|iPhone.Deploy.0 = Release|Any CPU
		{263497D9-5E61-4EC3-9C47-3BE9E8387620}.Release|iPhoneSimulator.ActiveCfg = Release|Any CPU
		{263497D9-5E61-4EC3-9C47-3BE9E8387620}.Release|iPhoneSimulator.Build.0 = Release|Any CPU
		{263497D9-5E61-4EC3-9C47-3BE9E8387620}.Release|iPhoneSimulator.Deploy.0 = Release|Any CPU
		{1B016F67-A867-4EDB-A74E-29F921E4969C}.Debug|Any CPU.ActiveCfg = Debug|iPhoneSimulator
		{1B016F67-A867-4EDB-A74E-29F921E4969C}.Debug|Any CPU.Build.0 = Debug|iPhoneSimulator
		{1B016F67-A867-4EDB-A74E-29F921E4969C}.Debug|Any CPU.Deploy.0 = Debug|iPhoneSimulator
		{1B016F67-A867-4EDB-A74E-29F921E4969C}.Debug|iPhone.ActiveCfg = Debug|iPhone
		{1B016F67-A867-4EDB-A74E-29F921E4969C}.Debug|iPhone.Build.0 = Debug|iPhone
		{1B016F67-A867-4EDB-A74E-29F921E4969C}.Debug|iPhone.Deploy.0 = Debug|iPhone
		{1B016F67-A867-4EDB-A74E-29F921E4969C}.Debug|iPhoneSimulator.ActiveCfg = Debug|iPhoneSimulator
		{1B016F67-A867-4EDB-A74E-29F921E4969C}.Debug|iPhoneSimulator.Build.0 = Debug|iPhoneSimulator
		{1B016F67-A867-4EDB-A74E-29F921E4969C}.Debug|iPhoneSimulator.Deploy.0 = Debug|iPhoneSimulator
		{1B016F67-A867-4EDB-A74E-29F921E4969C}.Release|Any CPU.ActiveCfg = Release|iPhone
		{1B016F67-A867-4EDB-A74E-29F921E4969C}.Release|Any CPU.Build.0 = Release|iPhone
		{1B016F67-A867-4EDB-A74E-29F921E4969C}.Release|Any CPU.Deploy.0 = Release|iPhone
		{1B016F67-A867-4EDB-A74E-29F921E4969C}.Release|iPhone.ActiveCfg = Release|iPhone
		{1B016F67-A867-4EDB-A74E-29F921E4969C}.Release|iPhone.Build.0 = Release|iPhone
		{1B016F67-A867-4EDB-A74E-29F921E4969C}.Release|iPhone.Deploy.0 = Release|iPhone
		{1B016F67-A867-4EDB-A74E-29F921E4969C}.Release|iPhoneSimulator.ActiveCfg = Release|iPhoneSimulator
		{1B016F67-A867-4EDB-A74E-29F921E4969C}.Release|iPhoneSimulator.Build.0 = Release|iPhoneSimulator
		{1B016F67-A867-4EDB-A74E-29F921E4969C}.Release|iPhoneSimulator.Deploy.0 = Release|iPhoneSimulator
		{5AB0FF6E-B5C0-4ACB-BC7F-13D88B86753A}.Debug|Any CPU.ActiveCfg = Debug|Any CPU
		{5AB0FF6E-B5C0-4ACB-BC7F-13D88B86753A}.Debug|Any CPU.Build.0 = Debug|Any CPU
		{5AB0FF6E-B5C0-4ACB-BC7F-13D88B86753A}.Debug|Any CPU.Deploy.0 = Debug|Any CPU
		{5AB0FF6E-B5C0-4ACB-BC7F-13D88B86753A}.Debug|iPhone.ActiveCfg = Debug|Any CPU
		{5AB0FF6E-B5C0-4ACB-BC7F-13D88B86753A}.Debug|iPhone.Build.0 = Debug|Any CPU
		{5AB0FF6E-B5C0-4ACB-BC7F-13D88B86753A}.Debug|iPhone.Deploy.0 = Debug|Any CPU
		{5AB0FF6E-B5C0-4ACB-BC7F-13D88B86753A}.Debug|iPhoneSimulator.ActiveCfg = Debug|Any CPU
		{5AB0FF6E-B5C0-4ACB-BC7F-13D88B86753A}.Debug|iPhoneSimulator.Build.0 = Debug|Any CPU
		{5AB0FF6E-B5C0-4ACB-BC7F-13D88B86753A}.Debug|iPhoneSimulator.Deploy.0 = Debug|Any CPU
		{5AB0FF6E-B5C0-4ACB-BC7F-13D88B86753A}.Release|Any CPU.ActiveCfg = Release|Any CPU
		{5AB0FF6E-B5C0-4ACB-BC7F-13D88B86753A}.Release|Any CPU.Build.0 = Release|Any CPU
		{5AB0FF6E-B5C0-4ACB-BC7F-13D88B86753A}.Release|Any CPU.Deploy.0 = Release|Any CPU
		{5AB0FF6E-B5C0-4ACB-BC7F-13D88B86753A}.Release|iPhone.ActiveCfg = Release|Any CPU
		{5AB0FF6E-B5C0-4ACB-BC7F-13D88B86753A}.Release|iPhone.Build.0 = Release|Any CPU
		{5AB0FF6E-B5C0-4ACB-BC7F-13D88B86753A}.Release|iPhone.Deploy.0 = Release|Any CPU
		{5AB0FF6E-B5C0-4ACB-BC7F-13D88B86753A}.Release|iPhoneSimulator.ActiveCfg = Release|Any CPU
		{5AB0FF6E-B5C0-4ACB-BC7F-13D88B86753A}.Release|iPhoneSimulator.Build.0 = Release|Any CPU
		{5AB0FF6E-B5C0-4ACB-BC7F-13D88B86753A}.Release|iPhoneSimulator.Deploy.0 = Release|Any CPU
	EndGlobalSection
	GlobalSection(SolutionProperties) = preSolution
		HideSolutionNode = FALSE
	EndGlobalSection
	GlobalSection(ExtensibilityGlobals) = postSolution
		SolutionGuid = {D4D7F722-ADE6-4F87-99F4-319EA70733F4}
	EndGlobalSection
EndGlobal
